
Microsoft Visual Studio Solution File, Format Version 12.00
# Visual Studio Version 17
VisualStudioVersion = 17.0.31903.59
MinimumVisualStudioVersion = 10.0.40219.1
Project("{FAE04EC0-301F-11D3-BF4B-00C04F79EFBC}") = "Magazine.Core", "Magazine.Core\Magazine.Core.csproj", "{084BB33A-45DF-4FAB-914C-3342AAFF57A3}"
EndProject
Project("{FAE04EC0-301F-11D3-BF4B-00C04F79EFBC}") = "Magazine.WebApi", "Magazine.WebApi\Magazine.WebApi.csproj", "{9624AB34-4023-4850-8C70-F884F8BC5A54}"
EndProject
Global
	GlobalSection(SolutionConfigurationPlatforms) = preSolution
		Debug|Any CPU = Debug|Any CPU
		Release|Any CPU = Release|Any CPU
	EndGlobalSection
	GlobalSection(SolutionProperties) = preSolution
		HideSolutionNode = FALSE
	EndGlobalSection
	GlobalSection(ProjectConfigurationPlatforms) = postSolution
		{084BB33A-45DF-4FAB-914C-3342AAFF57A3}.Debug|Any CPU.ActiveCfg = Debug|Any CPU
		{084BB33A-45DF-4FAB-914C-3342AAFF57A3}.Debug|Any CPU.Build.0 = Debug|Any CPU
		{084BB33A-45DF-4FAB-914C-3342AAFF57A3}.Release|Any CPU.ActiveCfg = Release|Any CPU
		{084BB33A-45DF-4FAB-914C-3342AAFF57A3}.Release|Any CPU.Build.0 = Release|Any CPU
		{9624AB34-4023-4850-8C70-F884F8BC5A54}.Debug|Any CPU.ActiveCfg = Debug|Any CPU
		{9624AB34-4023-4850-8C70-F884F8BC5A54}.Debug|Any CPU.Build.0 = Debug|Any CPU
		{9624AB34-4023-4850-8C70-F884F8BC5A54}.Release|Any CPU.ActiveCfg = Release|Any CPU
		{9624AB34-4023-4850-8C70-F884F8BC5A54}.Release|Any CPU.Build.0 = Release|Any CPU
	EndGlobalSection
EndGlobal
